// !$*UTF8*$!
{
	archiveVersion = 1;
	classes = {
	};
	objectVersion = 50;
	objects = {

/* Begin PBXBuildFile section */
		81873ABD20C684C000CA6234 /* UIViewExt.m in Sources */ = {isa = PBXBuildFile; fileRef = 81873ABB20C684C000CA6234 /* UIViewExt.m */; };
		81F08F6E20B5642D0031F57E /* AppDelegate.m in Sources */ = {isa = PBXBuildFile; fileRef = 81F08F6D20B5642D0031F57E /* AppDelegate.m */; };
		81F08F7120B5642D0031F57E /* ViewController.m in Sources */ = {isa = PBXBuildFile; fileRef = 81F08F7020B5642D0031F57E /* ViewController.m */; };
		81F08F7420B5642D0031F57E /* Main.storyboard in Resources */ = {isa = PBXBuildFile; fileRef = 81F08F7220B5642D0031F57E /* Main.storyboard */; };
		81F08F7620B564340031F57E /* Assets.xcassets in Resources */ = {isa = PBXBuildFile; fileRef = 81F08F7520B564340031F57E /* Assets.xcassets */; };
		81F08F7920B564340031F57E /* LaunchScreen.storyboard in Resources */ = {isa = PBXBuildFile; fileRef = 81F08F7720B564340031F57E /* LaunchScreen.storyboard */; };
		81F08F7C20B564340031F57E /* main.m in Sources */ = {isa = PBXBuildFile; fileRef = 81F08F7B20B564340031F57E /* main.m */; };
/* End PBXBuildFile section */

/* Begin PBXFileReference section */
		81873ABB20C684C000CA6234 /* UIViewExt.m */ = {isa = PBXFileReference; fileEncoding = 4; lastKnownFileType = sourcecode.c.objc; path = UIViewExt.m; sourceTree = "<group>"; };
		81873ABC20C684C000CA6234 /* UIViewExt.h */ = {isa = PBXFileReference; fileEncoding = 4; lastKnownFileType = sourcecode.c.h; path = UIViewExt.h; sourceTree = "<group>"; };
		81F08F6920B5642D0031F57E /* SimpleBezierPath.app */ = {isa = PBXFileReference; explicitFileType = wrapper.application; includeInIndex = 0; path = SimpleBezierPath.app; sourceTree = BUILT_PRODUCTS_DIR; };
		81F08F6C20B5642D0031F57E /* AppDelegate.h */ = {isa = PBXFileReference; lastKnownFileType = sourcecode.c.h; path = AppDelegate.h; sourceTree = "<group>"; };
		81F08F6D20B5642D0031F57E /* AppDelegate.m */ = {isa = PBXFileReference; lastKnownFileType = sourcecode.c.objc; path = AppDelegate.m; sourceTree = "<group>"; };
		81F08F6F20B5642D0031F57E /* ViewController.h */ = {isa = PBXFileReference; lastKnownFileType = sourcecode.c.h; path = ViewController.h; sourceTree = "<group>"; };
		81F08F7020B5642D0031F57E /* ViewController.m */ = {isa = PBXFileReference; lastKnownFileType = sourcecode.c.objc; path = ViewController.m; sourceTree = "<group>"; };
		81F08F7320B5642D0031F57E /* Base */ = {isa = PBXFileReference; lastKnownFileType = file.storyboard; name = Base; path = Base.lproj/Main.storyboard; sourceTree = "<group>"; };
		81F08F7520B564340031F57E /* Assets.xcassets */ = {isa = PBXFileReference; lastKnownFileType = folder.assetcatalog; path = Assets.xcassets; sourceTree = "<group>"; };
		81F08F7820B564340031F57E /* Base */ = {isa = PBXFileReference; lastKnownFileType = file.storyboard; name = Base; path = Base.lproj/LaunchScreen.storyboard; sourceTree = "<group>"; };
		81F08F7A20B564340031F57E /* Info.plist */ = {isa = PBXFileReference; lastKnownFileType = text.plist.xml; path = Info.plist; sourceTree = "<group>"; };
		81F08F7B20B564340031F57E /* main.m */ = {isa = PBXFileReference; lastKnownFileType = sourcecode.c.objc; path = main.m; sourceTree = "<group>"; };
/* End PBXFileReference section */

/* Begin PBXFrameworksBuildPhase section */
		81F08F6620B5642D0031F57E /* Frameworks */ = {
			isa = PBXFrameworksBuildPhase;
			buildActionMask = 2147483647;
			files = (
			);
			runOnlyForDeploymentPostprocessing = 0;
		};
/* End PBXFrameworksBuildPhase section */

/* Begin PBXGroup section */
		81F08F6020B5642D0031F57E = {
			isa = PBXGroup;
			children = (
				81F08F6B20B5642D0031F57E /* SimpleBezierPath */,
				81F08F6A20B5642D0031F57E /* Products */,
			);
			sourceTree = "<group>";
		};
		81F08F6A20B5642D0031F57E /* Products */ = {
			isa = PBXGroup;
			children = (
				81F08F6920B5642D0031F57E /* SimpleBezierPath.app */,
			);
			name = Products;
			sourceTree = "<group>";
		};
		81F08F6B20B5642D0031F57E /* SimpleBezierPath */ = {
			isa = PBXGroup;
			children = (
				81873ABC20C684C000CA6234 /* UIViewExt.h */,
				81873ABB20C684C000CA6234 /* UIViewExt.m */,
				81F08F6C20B5642D0031F57E /* AppDelegate.h */,
				81F08F6D20B5642D0031F57E /* AppDelegate.m */,
				81F08F6F20B5642D0031F57E /* ViewController.h */,
				81F08F7020B5642D0031F57E /* ViewController.m */,
				81F08F7220B5642D0031F57E /* Main.storyboard */,
				81F08F7520B564340031F57E /* Assets.xcassets */,
				81F08F7720B564340031F57E /* LaunchScreen.storyboard */,
				81F08F7A20B564340031F57E /* Info.plist */,
				81F08F7B20B564340031F57E /* main.m */,
			);
			path = SimpleBezierPath;
			sourceTree = "<group>";
		};
/* End PBXGroup section */

/* Begin PBXNativeTarget section */
		81F08F6820B5642D0031F57E /* SimpleBezierPath */ = {
			isa = PBXNativeTarget;
			buildConfigurationList = 81F08F7F20B564340031F57E /* Build configuration list for PBXNativeTarget "SimpleBezierPath" */;
			buildPhases = (
				81F08F6520B5642D0031F57E /* Sources */,
				81F08F6620B5642D0031F57E /* Frameworks */,
				81F08F6720B5642D0031F57E /* Resources */,
			);
			buildRules = (
			);
			dependencies = (
			);
			name = SimpleBezierPath;
			productName = SimpleBezierPath;
			productReference = 81F08F6920B5642D0031F57E /* SimpleBezierPath.app */;
			productType = "com.apple.product-type.application";
		};
/* End PBXNativeTarget section */

/* Begin PBXProject section */
		81F08F6120B5642D0031F57E /* Project object */ = {
			isa = PBXProject;
			attributes = {
				LastUpgradeCheck = 0930;
				ORGANIZATIONNAME = iZhihuicheng;
				TargetAttributes = {
					81F08F6820B5642D0031F57E = {
						CreatedOnToolsVersion = 9.3;
					};
				};
			};
			buildConfigurationList = 81F08F6420B5642D0031F57E /* Build configuration list for PBXProject "SimpleBezierPath" */;
			compatibilityVersion = "Xcode 9.3";
			developmentRegion = en;
			hasScannedForEncodings = 0;
			knownRegions = (
				en,
				Base,
			);
			mainGroup = 81F08F6020B5642D0031F57E;
			productRefGroup = 81F08F6A20B5642D0031F57E /* Products */;
			projectDirPath = "";
			projectRoot = "";
			targets = (
				81F08F6820B5642D0031F57E /* SimpleBezierPath */,
			);
		};
/* End PBXProject section */

/* Begin PBXResourcesBuildPhase section */
		81F08F6720B5642D0031F57E /* Resources */ = {
			isa = PBXResourcesBuildPhase;
			buildActionMask = 2147483647;
			files = (
				81F08F7920B564340031F57E /* LaunchScreen.storyboard in Resources */,
				81F08F7620B564340031F57E /* Assets.xcassets in Resources */,
				81F08F7420B5642D0031F57E /* Main.storyboard in Resources */,
			);
			runOnlyForDeploymentPostprocessing = 0;
		};
/* End PBXResourcesBuildPhase section */

/* Begin PBXSourcesBuildPhase section */
		81F08F6520B5642D0031F57E /* Sources */ = {
			isa = PBXSourcesBuildPhase;
			buildActionMask = 2147483647;
			files = (
				81873ABD20C684C000CA6234 /* UIViewExt.m in Sources */,
				81F08F7120B5642D0031F57E /* ViewController.m in Sources */,
				81F08F7C20B564340031F57E /* main.m in Sources */,
				81F08F6E20B5642D0031F57E /* AppDelegate.m in Sources */,
			);
			runOnlyForDeploymentPostprocessing = 0;
		};
/* End PBXSourcesBuildPhase section */

/* Begin PBXVariantGroup section */
		81F08F7220B5642D0031F57E /* Main.storyboard */ = {
			isa = PBXVariantGroup;
			children = (
				81F08F7320B5642D0031F57E /* Base */,
			);
			name = Main.storyboard;
			sourceTree = "<group>";
		};
		81F08F7720B564340031F57E /* LaunchScreen.storyboard */ = {
			isa = PBXVariantGroup;
			children = (
				81F08F7820B564340031F57E /* Base */,
			);
			name = LaunchScreen.storyboard;
			sourceTree = "<group>";
		};
/* End PBXVariantGroup section */

/* Begin XCBuildConfiguration section */
		81F08F7D20B564340031F57E /* Debug */ = {
			isa = XCBuildConfiguration;
			buildSettings = {
				ALWAYS_SEARCH_USER_PATHS = NO;
				CLANG_ANALYZER_NONNULL = YES;
				CLANG_ANALYZER_NUMBER_OBJECT_CONVERSION = YES_AGGRESSIVE;
				CLANG_CXX_LANGUAGE_STANDARD = "gnu++14";
				CLANG_CXX_LIBRARY = "libc++";
				CLANG_ENABLE_MODULES = YES;
				CLANG_ENABLE_OBJC_ARC = YES;
				CLANG_ENABLE_OBJC_WEAK = YES;
				CLANG_WARN_BLOCK_CAPTURE_AUTORELEASING = YES;
				CLANG_WARN_BOOL_CONVERSION = YES;
				CLANG_WARN_COMMA = YES;
				CLANG_WARN_CONSTANT_CONVERSION = YES;
				CLANG_WARN_DEPRECATED_OBJC_IMPLEMENTATIONS = YES;
				CLANG_WARN_DIRECT_OBJC_ISA_USAGE = YES_ERROR;
				CLANG_WARN_DOCUMENTATION_COMMENTS = YES;
				CLANG_WARN_EMPTY_BODY = YES;
				CLANG_WARN_ENUM_CONVERSION = YES;
				CLANG_WARN_INFINITE_RECURSION = YES;
				CLANG_WARN_INT_CONVERSION = YES;
				CLANG_WARN_NON_LITERAL_NULL_CONVERSION = YES;
				CLANG_WARN_OBJC_IMPLICIT_RETAIN_SELF = YES;
				CLANG_WARN_OBJC_LITERAL_CONVERSION = YES;
				CLANG_WARN_OBJC_ROOT_CLASS = YES_ERROR;
				CLANG_WARN_RANGE_LOOP_ANALYSIS = YES;
				CLANG_WARN_STRICT_PROTOTYPES = YES;
				CLANG_WARN_SUSPICIOUS_MOVE = YES;
				CLANG_WARN_UNGUARDED_AVAILABILITY = YES_AGGRESSIVE;
				CLANG_WARN_UNREACHABLE_CODE = YES;
				CLANG_WARN__DUPLICATE_METHOD_MATCH = YES;
				CODE_SIGN_IDENTITY = "iPhone Developer";
				COPY_PHASE_STRIP = NO;
				DEBUG_INFORMATION_FORMAT = dwarf;
				ENABLE_STRICT_OBJC_MSGSEND = YES;
				ENABLE_TESTABILITY = YES;
				GCC_C_LANGUAGE_STANDARD = gnu11;
				GCC_DYNAMIC_NO_PIC = NO;
				GCC_NO_COMMON_BLOCKS = YES;
				GCC_OPTIMIZATION_LEVEL = 0;
				GCC_PREPROCESSOR_DEFINITIONS = (
					"DEBUG=1",
					"$(inherited)",
				);
				GCC_WARN_64_TO_32_BIT_CONVERSION = YES;
				GCC_WARN_ABOUT_RETURN_TYPE = YES_ERROR;
				GCC_WARN_UNDECLARED_SELECTOR = YES;
				GCC_WARN_UNINITIALIZED_AUTOS = YES_AGGRESSIVE;
				GCC_WARN_UNUSED_FUNCTION = YES;
				GCC_WARN_UNUSED_VARIABLE = YES;
				IPHONEOS_DEPLOYMENT_TARGET = 9.1;
				MTL_ENABLE_DEBUG_INFO = YES;
				ONLY_ACTIVE_ARCH = YES;
				SDKROOT = iphoneos;
			};
			name = Debug;
		};
		81F08F7E20B564340031F57E /* Release */ = {
			isa = XCBuildConfiguration;
			buildSettings = {
				ALWAYS_SEARCH_USER_PATHS = NO;
				CLANG_ANALYZER_NONNULL = YES;
				CLANG_ANALYZER_NUMBER_OBJECT_CONVERSION = YES_AGGRESSIVE;
				CLANG_CXX_LANGUAGE_STANDARD = "gnu++14";
				CLANG_CXX_LIBRARY = "libc++";
				CLANG_ENABLE_MODULES = YES;
				CLANG_ENABLE_OBJC_ARC = YES;
				CLANG_ENABLE_OBJC_WEAK = YES;
				CLANG_WARN_BLOCK_CAPTURE_AUTORELEASING = YES;
				CLANG_WARN_BOOL_CONVERSION = YES;
				CLANG_WARN_COMMA = YES;
				CLANG_WARN_CONSTANT_CONVERSION = YES;
				CLANG_WARN_DEPRECATED_OBJC_IMPLEMENTATIONS = YES;
				CLANG_WARN_DIRECT_OBJC_ISA_USAGE = YES_ERROR;
				CLANG_WARN_DOCUMENTATION_COMMENTS = YES;
				CLANG_WARN_EMPTY_BODY = YES;
				CLANG_WARN_ENUM_CONVERSION = YES;
				CLANG_WARN_INFINITE_RECURSION = YES;
				CLANG_WARN_INT_CONVERSION = YES;
				CLANG_WARN_NON_LITERAL_NULL_CONVERSION = YES;
				CLANG_WARN_OBJC_IMPLICIT_RETAIN_SELF = YES;
				CLANG_WARN_OBJC_LITERAL_CONVERSION = YES;
				CLANG_WARN_OBJC_ROOT_CLASS = YES_ERROR;
				CLANG_WARN_RANGE_LOOP_ANALYSIS = YES;
				CLANG_WARN_STRICT_PROTOTYPES = YES;
				CLANG_WARN_SUSPICIOUS_MOVE = YES;
				CLANG_WARN_UNGUARDED_AVAILABILITY = YES_AGGRESSIVE;
				CLANG_WARN_UNREACHABLE_CODE = YES;
				CLANG_WARN__DUPLICATE_METHOD_MATCH = YES;
				CODE_SIGN_IDENTITY = "iPhone Developer";
				COPY_PHASE_STRIP = NO;
				DEBUG_INFORMATION_FORMAT = "dwarf-with-dsym";
				ENABLE_NS_ASSERTIONS = NO;
				ENABLE_STRICT_OBJC_MSGSEND = YES;
				GCC_C_LANGUAGE_STANDARD = gnu11;
				GCC_NO_COMMON_BLOCKS = YES;
				GCC_WARN_64_TO_32_BIT_CONVERSION = YES;
				GCC_WARN_ABOUT_RETURN_TYPE = YES_ERROR;
				GCC_WARN_UNDECLARED_SELECTOR = YES;
				GCC_WARN_UNINITIALIZED_AUTOS = YES_AGGRESSIVE;
				GCC_WARN_UNUSED_FUNCTION = YES;
				GCC_WARN_UNUSED_VARIABLE = YES;
				IPHONEOS_DEPLOYMENT_TARGET = 9.1;
				MTL_ENABLE_DEBUG_INFO = NO;
				SDKROOT = iphoneos;
				VALIDATE_PRODUCT = YES;
			};
			name = Release;
		};
		81F08F8020B564340031F57E /* Debug */ = {
			isa = XCBuildConfiguration;
			buildSettings = {
				ASSETCATALOG_COMPILER_APPICON_NAME = AppIcon;
				CODE_SIGN_STYLE = Automatic;
				DEVELOPMENT_TEAM = D477GNM7H2;
				INFOPLIST_FILE = SimpleBezierPath/Info.plist;
				IPHONEOS_DEPLOYMENT_TARGET = 9.1;
				LD_RUNPATH_SEARCH_PATHS = (
					"$(inherited)",
					"@executable_path/Frameworks",
				);
				PRODUCT_BUNDLE_IDENTIFIER = com.izhihuicheng.SimpleBezierPath;
				PRODUCT_NAME = "$(TARGET_NAME)";
				TARGETED_DEVICE_FAMILY = "1,2";
			};
			name = Debug;
		};
		81F08F8120B564340031F57E /* Release */ = {
			isa = XCBuildConfiguration;
			buildSettings = {
				ASSETCATALOG_COMPILER_APPICON_NAME = AppIcon;
				CODE_SIGN_STYLE = Automatic;
				DEVELOPMENT_TEAM = D477GNM7H2;
				INFOPLIST_FILE = SimpleBezierPath/Info.plist;
				IPHONEOS_DEPLOYMENT_TARGET = 9.1;
				LD_RUNPATH_SEARCH_PATHS = (
					"$(inherited)",
					"@executable_path/Frameworks",
				);
				PRODUCT_BUNDLE_IDENTIFIER = com.izhihuicheng.SimpleBezierPath;
				PRODUCT_NAME = "$(TARGET_NAME)";
				TARGETED_DEVICE_FAMILY = "1,2";
			};
			name = Release;
		};
/* End XCBuildConfiguration section */

/* Begin XCConfigurationList section */
		81F08F6420B5642D0031F57E /* Build configuration list for PBXProject "SimpleBezierPath" */ = {
			isa = XCConfigurationList;
			buildConfigurations = (
				81F08F7D20B564340031F57E /* Debug */,
				81F08F7E20B564340031F57E /* Release */,
			);
			defaultConfigurationIsVisible = 0;
			defaultConfigurationName = Release;
		};
		81F08F7F20B564340031F57E /* Build configuration list for PBXNativeTarget "SimpleBezierPath" */ = {
			isa = XCConfigurationList;
			buildConfigurations = (
				81F08F8020B564340031F57E /* Debug */,
				81F08F8120B564340031F57E /* Release */,
			);
			defaultConfigurationIsVisible = 0;
			defaultConfigurationName = Release;
		};
/* End XCConfigurationList section */
	};
	rootObject = 81F08F6120B5642D0031F57E /* Project object */;
}
